<?xml version="1.0" encoding="UTF-8"?>
<CONFIG>
  <ProjectOptions>
    <Version Value="9"/>
    <General>
      <SessionStorage Value="InProjectDir"/>
      <MainUnit Value="0"/>
      <Title Value="ews"/>
      <ResourceType Value="res"/>
      <UseXPManifest Value="True"/>
      <Icon Value="0"/>
    </General>
    <i18n>
      <EnableI18N LFM="False"/>
    </i18n>
    <VersionInfo>
      <StringTable ProductVersion=""/>
    </VersionInfo>
    <BuildModes Count="1">
      <Item1 Name="Default" Default="True"/>
    </BuildModes>
    <PublishOptions>
      <Version Value="2"/>
      <IncludeFileFilter Value="*.(pas|pp|inc|lfm|lpr|lrs|lpi|lpk|sh|xml)"/>
      <ExcludeFileFilter Value="*.(bak|ppu|o|so);*~;backup"/>
    </PublishOptions>
    <RunParams>
      <local>
        <FormatVersion Value="1"/>
      </local>
    </RunParams>
    <RequiredPackages Count="5">
      <Item1>
        <PackageName Value="laz_synapse"/>
      </Item1>
      <Item2>
        <PackageName Value="bgracontrols"/>
      </Item2>
      <Item3>
        <PackageName Value="BGRABitmapPack"/>
      </Item3>
      <Item4>
        <PackageName Value="TAChartLazarusPkg"/>
      </Item4>
      <Item5>
        <PackageName Value="LCL"/>
      </Item5>
    </RequiredPackages>
    <Units Count="15">
      <Unit0>
        <Filename Value="ews.lpr"/>
        <IsPartOfProject Value="True"/>
        <UnitName Value="ews"/>
      </Unit0>
      <Unit1>
        <Filename Value="frmmain.pas"/>
        <IsPartOfProject Value="True"/>
        <ComponentName Value="formMain"/>
        <HasResources Value="True"/>
        <ResourceBaseClass Value="Form"/>
        <UnitName Value="frmMain"/>
      </Unit1>
      <Unit2>
        <Filename Value="beautify.pas"/>
        <IsPartOfProject Value="True"/>
        <UnitName Value="beautify"/>
      </Unit2>
      <Unit3>
        <Filename Value="helper.pas"/>
        <IsPartOfProject Value="True"/>
        <UnitName Value="helper"/>
      </Unit3>
      <Unit4>
        <Filename Value="globals.pas"/>
        <IsPartOfProject Value="True"/>
        <UnitName Value="globals"/>
      </Unit4>
      <Unit5>
        <Filename Value="frmlogin.pas"/>
        <IsPartOfProject Value="True"/>
        <ComponentName Value="formLogin"/>
        <HasResources Value="True"/>
        <ResourceBaseClass Value="Form"/>
        <UnitName Value="frmlogin"/>
      </Unit5>
      <Unit6>
        <Filename Value="forms/frmmonitoring.pas"/>
        <IsPartOfProject Value="True"/>
        <ComponentName Value="formMonitoring"/>
        <HasResources Value="True"/>
        <ResourceBaseClass Value="Form"/>
        <UnitName Value="frmMonitoring"/>
      </Unit6>
      <Unit7>
        <Filename Value="threadutils.pas"/>
        <IsPartOfProject Value="True"/>
        <UnitName Value="threadutils"/>
      </Unit7>
      <Unit8>
        <Filename Value="forms/frmmessaging.pas"/>
        <IsPartOfProject Value="True"/>
        <ComponentName Value="formMessaging"/>
        <HasResources Value="True"/>
        <ResourceBaseClass Value="Form"/>
        <UnitName Value="frmmessaging"/>
      </Unit8>
      <Unit9>
        <Filename Value="forms/frmtulisbroadcast.pas"/>
        <IsPartOfProject Value="True"/>
        <ComponentName Value="formTulisBroadcast"/>
        <HasResources Value="True"/>
        <ResourceBaseClass Value="Form"/>
        <UnitName Value="frmTulisBroadcast"/>
      </Unit9>
      <Unit10>
        <Filename Value="forms/frmdetailtki.pas"/>
        <IsPartOfProject Value="True"/>
        <ComponentName Value="formDetailTKI"/>
        <HasResources Value="True"/>
        <ResourceBaseClass Value="Form"/>
        <UnitName Value="frmDetailTKI"/>
      </Unit10>
      <Unit11>
        <Filename Value="forms/frmtestsms.pas"/>
        <IsPartOfProject Value="True"/>
        <ComponentName Value="formTestSMS"/>
        <HasResources Value="True"/>
        <ResourceBaseClass Value="Form"/>
        <UnitName Value="frmtestsms"/>
      </Unit11>
      <Unit12>
        <Filename Value="forms/frmpengaturan.pas"/>
        <IsPartOfProject Value="True"/>
        <ComponentName Value="formPengaturan"/>
        <HasResources Value="True"/>
        <ResourceBaseClass Value="Form"/>
        <UnitName Value="frmpengaturan"/>
      </Unit12>
      <Unit13>
        <Filename Value="forms/frmmanajementki.pas"/>
        <IsPartOfProject Value="True"/>
        <ComponentName Value="formManajemenTKI"/>
        <HasResources Value="True"/>
        <ResourceBaseClass Value="Form"/>
        <UnitName Value="frmmanajementki"/>
      </Unit13>
      <Unit14>
        <Filename Value="forms/frmsmslokal.pas"/>
        <IsPartOfProject Value="True"/>
        <ComponentName Value="formSMSLokal"/>
        <HasResources Value="True"/>
        <ResourceBaseClass Value="Form"/>
        <UnitName Value="frmsmslokal"/>
      </Unit14>
    </Units>
  </ProjectOptions>
  <CompilerOptions>
    <Version Value="11"/>
    <Target>
      <Filename Value="../ews-release/ews"/>
    </Target>
    <SearchPaths>
      <IncludeFiles Value="$(ProjOutDir)"/>
      <OtherUnitFiles Value="forms"/>
      <UnitOutputDirectory Value="lib/$(TargetCPU)-$(TargetOS)"/>
    </SearchPaths>
    <Linking>
      <Options>
        <Win32>
          <GraphicApplication Value="True"/>
        </Win32>
      </Options>
    </Linking>
    <Other>
      <CompilerMessages>
        <MsgFileName Value=""/>
      </CompilerMessages>
      <CompilerPath Value="$(CompPath)"/>
    </Other>
  </CompilerOptions>
  <Debugging>
    <Exceptions Count="3">
      <Item1>
        <Name Value="EAbort"/>
      </Item1>
      <Item2>
        <Name Value="ECodetoolError"/>
      </Item2>
      <Item3>
        <Name Value="EFOpenError"/>
      </Item3>
    </Exceptions>
  </Debugging>
</CONFIG>
